{
  "version": 4,
  "terraform_version": "1.5.2",
  "serial": 6,
  "lineage": "601e8fe3-6d09-e28c-2fe5-e3ca3892444a",
  "outputs": {
    "sqs_url": {
      "value": "https://sqs.us-east-1.amazonaws.com/992382705159/SomeQueue",
      "type": "string"
    }
  },
  "resources": [
    {
      "mode": "data",
      "type": "archive_file",
      "name": "example_lambda",
      "provider": "provider[\"registry.terraform.io/hashicorp/archive\"]",
      "instances": [
        {
          "schema_version": 0,
          "attributes": {
            "exclude_symlink_directories": null,
            "excludes": null,
            "id": "06d8241456fd5e0dff3f691da8dbe93eea386960",
            "output_base64sha256": "SmtRQhLYGJPqtvoMt9rEKDlLDErgy3aw7TARNAZW6Mw=",
            "output_base64sha512": "fEYbeIvpcMW93zyZ2yswVKhAkAwgvZ1lRN8HpzNUZRJdYcl4vUOjFH+UUYFAp1/J8eWEO7qi1GFSCtW8vPyZRQ==",
            "output_file_mode": null,
            "output_md5": "91dabe339bb3b646926c7a1388ac18d3",
            "output_path": "./example_lambda.js.zip",
            "output_sha": "06d8241456fd5e0dff3f691da8dbe93eea386960",
            "output_sha256": "4a6b514212d81893eab6fa0cb7dac428394b0c4ae0cb76b0ed3011340656e8cc",
            "output_sha512": "7c461b788be970c5bddf3c99db2b3054a840900c20bd9d6544df07a7335465125d61c978bd43a3147f94518140a75fc9f1e5843bbaa2d461520ad5bcbcfc9945",
            "output_size": 273,
            "source": [],
            "source_content": null,
            "source_content_filename": null,
            "source_dir": null,
            "source_file": "./example_lambda.js",
            "type": "zip"
          },
          "sensitive_attributes": []
        }
      ]
    },
    {
      "mode": "data",
      "type": "aws_iam_policy_document",
      "name": "example_lambda",
      "provider": "provider[\"registry.terraform.io/hashicorp/aws\"]",
      "instances": [
        {
          "schema_version": 0,
          "attributes": {
            "id": "2225346970",
            "json": "{\n  \"Version\": \"2012-10-17\",\n  \"Statement\": [\n    {\n      \"Sid\": \"AllowSQSPermissions\",\n      \"Effect\": \"Allow\",\n      \"Action\": [\n        \"sqs:ReceiveMessage\",\n        \"sqs:GetQueueAttributes\",\n        \"sqs:DeleteMessage\",\n        \"sqs:ChangeMessageVisibility\"\n      ],\n      \"Resource\": \"arn:aws:sqs:*\"\n    },\n    {\n      \"Sid\": \"AllowInvokingLambdas\",\n      \"Effect\": \"Allow\",\n      \"Action\": \"lambda:InvokeFunction\",\n      \"Resource\": \"arn:aws:lambda:ap-southeast-1:*:function:*\"\n    },\n    {\n      \"Sid\": \"AllowCreatingLogGroups\",\n      \"Effect\": \"Allow\",\n      \"Action\": \"logs:CreateLogGroup\",\n      \"Resource\": \"arn:aws:logs:ap-southeast-1:*:*\"\n    },\n    {\n      \"Sid\": \"AllowWritingLogs\",\n      \"Effect\": \"Allow\",\n      \"Action\": [\n        \"logs:PutLogEvents\",\n        \"logs:CreateLogStream\"\n      ],\n      \"Resource\": \"arn:aws:logs:ap-southeast-1:*:log-group:/aws/lambda/*:*\"\n    }\n  ]\n}",
            "override_policy_documents": null,
            "policy_id": null,
            "source_policy_documents": null,
            "statement": [
              {
                "actions": [
                  "sqs:ChangeMessageVisibility",
                  "sqs:DeleteMessage",
                  "sqs:GetQueueAttributes",
                  "sqs:ReceiveMessage"
                ],
                "condition": [],
                "effect": "Allow",
                "not_actions": [],
                "not_principals": [],
                "not_resources": [],
                "principals": [],
                "resources": [
                  "arn:aws:sqs:*"
                ],
                "sid": "AllowSQSPermissions"
              },
              {
                "actions": [
                  "lambda:InvokeFunction"
                ],
                "condition": [],
                "effect": "Allow",
                "not_actions": [],
                "not_principals": [],
                "not_resources": [],
                "principals": [],
                "resources": [
                  "arn:aws:lambda:ap-southeast-1:*:function:*"
                ],
                "sid": "AllowInvokingLambdas"
              },
              {
                "actions": [
                  "logs:CreateLogGroup"
                ],
                "condition": [],
                "effect": "Allow",
                "not_actions": [],
                "not_principals": [],
                "not_resources": [],
                "principals": [],
                "resources": [
                  "arn:aws:logs:ap-southeast-1:*:*"
                ],
                "sid": "AllowCreatingLogGroups"
              },
              {
                "actions": [
                  "logs:CreateLogStream",
                  "logs:PutLogEvents"
                ],
                "condition": [],
                "effect": "Allow",
                "not_actions": [],
                "not_principals": [],
                "not_resources": [],
                "principals": [],
                "resources": [
                  "arn:aws:logs:ap-southeast-1:*:log-group:/aws/lambda/*:*"
                ],
                "sid": "AllowWritingLogs"
              }
            ],
            "version": "2012-10-17"
          },
          "sensitive_attributes": []
        }
      ]
    },
    {
      "mode": "managed",
      "type": "aws_iam_policy",
      "name": "example_lambda",
      "provider": "provider[\"registry.terraform.io/hashicorp/aws\"]",
      "instances": [
        {
          "schema_version": 0,
          "attributes": {
            "arn": "arn:aws:iam::992382705159:policy/terraform-20240203041303336400000001",
            "description": "",
            "id": "arn:aws:iam::992382705159:policy/terraform-20240203041303336400000001",
            "name": "terraform-20240203041303336400000001",
            "name_prefix": "terraform-",
            "path": "/",
            "policy": "{\"Statement\":[{\"Action\":[\"sqs:ReceiveMessage\",\"sqs:GetQueueAttributes\",\"sqs:DeleteMessage\",\"sqs:ChangeMessageVisibility\"],\"Effect\":\"Allow\",\"Resource\":\"arn:aws:sqs:*\",\"Sid\":\"AllowSQSPermissions\"},{\"Action\":\"lambda:InvokeFunction\",\"Effect\":\"Allow\",\"Resource\":\"arn:aws:lambda:ap-southeast-1:*:function:*\",\"Sid\":\"AllowInvokingLambdas\"},{\"Action\":\"logs:CreateLogGroup\",\"Effect\":\"Allow\",\"Resource\":\"arn:aws:logs:ap-southeast-1:*:*\",\"Sid\":\"AllowCreatingLogGroups\"},{\"Action\":[\"logs:PutLogEvents\",\"logs:CreateLogStream\"],\"Effect\":\"Allow\",\"Resource\":\"arn:aws:logs:ap-southeast-1:*:log-group:/aws/lambda/*:*\",\"Sid\":\"AllowWritingLogs\"}],\"Version\":\"2012-10-17\"}",
            "policy_id": "ANPA6ODU6LYDR2BFOBUNU",
            "tags": null,
            "tags_all": {}
          },
          "sensitive_attributes": [],
          "private": "bnVsbA==",
          "dependencies": [
            "data.aws_iam_policy_document.example_lambda"
          ]
        }
      ]
    },
    {
      "mode": "managed",
      "type": "aws_iam_role",
      "name": "example_lambda",
      "provider": "provider[\"registry.terraform.io/hashicorp/aws\"]",
      "instances": [
        {
          "schema_version": 0,
          "attributes": {
            "arn": "arn:aws:iam::992382705159:role/terraform-20240203041303336900000002",
            "assume_role_policy": "{\"Statement\":[{\"Action\":\"sts:AssumeRole\",\"Effect\":\"Allow\",\"Principal\":{\"Service\":\"lambda.amazonaws.com\"}}],\"Version\":\"2012-10-17\"}",
            "create_date": "2024-02-03T04:13:04Z",
            "description": "",
            "force_detach_policies": false,
            "id": "terraform-20240203041303336900000002",
            "inline_policy": [],
            "managed_policy_arns": [],
            "max_session_duration": 3600,
            "name": "terraform-20240203041303336900000002",
            "name_prefix": "terraform-",
            "path": "/",
            "permissions_boundary": "",
            "tags": null,
            "tags_all": {},
            "unique_id": "AROA6ODU6LYDXWRCD6MH5"
          },
          "sensitive_attributes": [],
          "private": "bnVsbA=="
        }
      ]
    },
    {
      "mode": "managed",
      "type": "aws_iam_role_policy_attachment",
      "name": "example_lambda",
      "provider": "provider[\"registry.terraform.io/hashicorp/aws\"]",
      "instances": [
        {
          "schema_version": 0,
          "attributes": {
            "id": "terraform-20240203041303336900000002-20240203041306523700000003",
            "policy_arn": "arn:aws:iam::992382705159:policy/terraform-20240203041303336400000001",
            "role": "terraform-20240203041303336900000002"
          },
          "sensitive_attributes": [],
          "private": "bnVsbA==",
          "dependencies": [
            "aws_iam_policy.example_lambda",
            "aws_iam_role.example_lambda",
            "data.aws_iam_policy_document.example_lambda"
          ]
        }
      ]
    },
    {
      "mode": "managed",
      "type": "aws_lambda_event_source_mapping",
      "name": "event_source_mapping",
      "provider": "provider[\"registry.terraform.io/hashicorp/aws\"]",
      "instances": []
    },
    {
      "mode": "managed",
      "type": "aws_sqs_queue",
      "name": "some_queue",
      "provider": "provider[\"registry.terraform.io/hashicorp/aws\"]",
      "instances": [
        {
          "schema_version": 0,
          "attributes": {
            "arn": "arn:aws:sqs:us-east-1:992382705159:SomeQueue",
            "content_based_deduplication": false,
            "deduplication_scope": "",
            "delay_seconds": 0,
            "fifo_queue": false,
            "fifo_throughput_limit": "",
            "id": "https://sqs.us-east-1.amazonaws.com/992382705159/SomeQueue",
            "kms_data_key_reuse_period_seconds": 300,
            "kms_master_key_id": "",
            "max_message_size": 262144,
            "message_retention_seconds": 345600,
            "name": "SomeQueue",
            "name_prefix": "",
            "policy": "",
            "receive_wait_time_seconds": 0,
            "redrive_allow_policy": "",
            "redrive_policy": "",
            "sqs_managed_sse_enabled": true,
            "tags": null,
            "tags_all": {},
            "url": "https://sqs.us-east-1.amazonaws.com/992382705159/SomeQueue",
            "visibility_timeout_seconds": 30
          },
          "sensitive_attributes": [],
          "private": "bnVsbA=="
        }
      ]
    }
  ],
  "check_results": null
}
